// !$*UTF8*$!
{
	archiveVersion = 1;
	classes = {
	};
	objectVersion = 48;
	objects = {

/* Begin PBXBuildFile section */
		843A59282008691B0002EEA7 /* AppDelegate.swift in Sources */ = {isa = PBXBuildFile; fileRef = 843A59272008691B0002EEA7 /* AppDelegate.swift */; };
		843A592A2008691B0002EEA7 /* ViewController.swift in Sources */ = {isa = PBXBuildFile; fileRef = 843A59292008691B0002EEA7 /* ViewController.swift */; };
		843A592D2008691B0002EEA7 /* Main.storyboard in Resources */ = {isa = PBXBuildFile; fileRef = 843A592B2008691B0002EEA7 /* Main.storyboard */; };
		843A592F2008691B0002EEA7 /* Assets.xcassets in Resources */ = {isa = PBXBuildFile; fileRef = 843A592E2008691B0002EEA7 /* Assets.xcassets */; };
		843A59322008691B0002EEA7 /* LaunchScreen.storyboard in Resources */ = {isa = PBXBuildFile; fileRef = 843A59302008691B0002EEA7 /* LaunchScreen.storyboard */; };
		843A593D2008691C0002EEA7 /* Hustle_ModeTests.swift in Sources */ = {isa = PBXBuildFile; fileRef = 843A593C2008691C0002EEA7 /* Hustle_ModeTests.swift */; };
		843A59482008691C0002EEA7 /* Hustle_ModeUITests.swift in Sources */ = {isa = PBXBuildFile; fileRef = 843A59472008691C0002EEA7 /* Hustle_ModeUITests.swift */; };
		843A5956200869F30002EEA7 /* hustle-on.wav in Resources */ = {isa = PBXBuildFile; fileRef = 843A5955200869F30002EEA7 /* hustle-on.wav */; };
/* End PBXBuildFile section */

/* Begin PBXContainerItemProxy section */
		843A59392008691C0002EEA7 /* PBXContainerItemProxy */ = {
			isa = PBXContainerItemProxy;
			containerPortal = 843A591C2008691B0002EEA7 /* Project object */;
			proxyType = 1;
			remoteGlobalIDString = 843A59232008691B0002EEA7;
			remoteInfo = "Hustle-Mode";
		};
		843A59442008691C0002EEA7 /* PBXContainerItemProxy */ = {
			isa = PBXContainerItemProxy;
			containerPortal = 843A591C2008691B0002EEA7 /* Project object */;
			proxyType = 1;
			remoteGlobalIDString = 843A59232008691B0002EEA7;
			remoteInfo = "Hustle-Mode";
		};
/* End PBXContainerItemProxy section */

/* Begin PBXFileReference section */
		843A59242008691B0002EEA7 /* Hustle-Mode.app */ = {isa = PBXFileReference; explicitFileType = wrapper.application; includeInIndex = 0; path = "Hustle-Mode.app"; sourceTree = BUILT_PRODUCTS_DIR; };
		843A59272008691B0002EEA7 /* AppDelegate.swift */ = {isa = PBXFileReference; lastKnownFileType = sourcecode.swift; path = AppDelegate.swift; sourceTree = "<group>"; };
		843A59292008691B0002EEA7 /* ViewController.swift */ = {isa = PBXFileReference; lastKnownFileType = sourcecode.swift; path = ViewController.swift; sourceTree = "<group>"; };
		843A592C2008691B0002EEA7 /* Base */ = {isa = PBXFileReference; lastKnownFileType = file.storyboard; name = Base; path = Base.lproj/Main.storyboard; sourceTree = "<group>"; };
		843A592E2008691B0002EEA7 /* Assets.xcassets */ = {isa = PBXFileReference; lastKnownFileType = folder.assetcatalog; path = Assets.xcassets; sourceTree = "<group>"; };
		843A59312008691B0002EEA7 /* Base */ = {isa = PBXFileReference; lastKnownFileType = file.storyboard; name = Base; path = Base.lproj/LaunchScreen.storyboard; sourceTree = "<group>"; };
		843A59332008691B0002EEA7 /* Info.plist */ = {isa = PBXFileReference; lastKnownFileType = text.plist.xml; path = Info.plist; sourceTree = "<group>"; };
		843A59382008691C0002EEA7 /* Hustle-ModeTests.xctest */ = {isa = PBXFileReference; explicitFileType = wrapper.cfbundle; includeInIndex = 0; path = "Hustle-ModeTests.xctest"; sourceTree = BUILT_PRODUCTS_DIR; };
		843A593C2008691C0002EEA7 /* Hustle_ModeTests.swift */ = {isa = PBXFileReference; lastKnownFileType = sourcecode.swift; path = Hustle_ModeTests.swift; sourceTree = "<group>"; };
		843A593E2008691C0002EEA7 /* Info.plist */ = {isa = PBXFileReference; lastKnownFileType = text.plist.xml; path = Info.plist; sourceTree = "<group>"; };
		843A59432008691C0002EEA7 /* Hustle-ModeUITests.xctest */ = {isa = PBXFileReference; explicitFileType = wrapper.cfbundle; includeInIndex = 0; path = "Hustle-ModeUITests.xctest"; sourceTree = BUILT_PRODUCTS_DIR; };
		843A59472008691C0002EEA7 /* Hustle_ModeUITests.swift */ = {isa = PBXFileReference; lastKnownFileType = sourcecode.swift; path = Hustle_ModeUITests.swift; sourceTree = "<group>"; };
		843A59492008691C0002EEA7 /* Info.plist */ = {isa = PBXFileReference; lastKnownFileType = text.plist.xml; path = Info.plist; sourceTree = "<group>"; };
		843A5955200869F30002EEA7 /* hustle-on.wav */ = {isa = PBXFileReference; lastKnownFileType = audio.wav; path = "hustle-on.wav"; sourceTree = "<group>"; };
/* End PBXFileReference section */

/* Begin PBXFrameworksBuildPhase section */
		843A59212008691B0002EEA7 /* Frameworks */ = {
			isa = PBXFrameworksBuildPhase;
			buildActionMask = 2147483647;
			files = (
			);
			runOnlyForDeploymentPostprocessing = 0;
		};
		843A59352008691C0002EEA7 /* Frameworks */ = {
			isa = PBXFrameworksBuildPhase;
			buildActionMask = 2147483647;
			files = (
			);
			runOnlyForDeploymentPostprocessing = 0;
		};
		843A59402008691C0002EEA7 /* Frameworks */ = {
			isa = PBXFrameworksBuildPhase;
			buildActionMask = 2147483647;
			files = (
			);
			runOnlyForDeploymentPostprocessing = 0;
		};
/* End PBXFrameworksBuildPhase section */

/* Begin PBXGroup section */
		843A591B2008691B0002EEA7 = {
			isa = PBXGroup;
			children = (
				843A59262008691B0002EEA7 /* Hustle-Mode */,
				843A593B2008691C0002EEA7 /* Hustle-ModeTests */,
				843A59462008691C0002EEA7 /* Hustle-ModeUITests */,
				843A59252008691B0002EEA7 /* Products */,
			);
			sourceTree = "<group>";
		};
		843A59252008691B0002EEA7 /* Products */ = {
			isa = PBXGroup;
			children = (
				843A59242008691B0002EEA7 /* Hustle-Mode.app */,
				843A59382008691C0002EEA7 /* Hustle-ModeTests.xctest */,
				843A59432008691C0002EEA7 /* Hustle-ModeUITests.xctest */,
			);
			name = Products;
			sourceTree = "<group>";
		};
		843A59262008691B0002EEA7 /* Hustle-Mode */ = {
			isa = PBXGroup;
			children = (
				843A5955200869F30002EEA7 /* hustle-on.wav */,
				843A59272008691B0002EEA7 /* AppDelegate.swift */,
				843A59292008691B0002EEA7 /* ViewController.swift */,
				843A592B2008691B0002EEA7 /* Main.storyboard */,
				843A592E2008691B0002EEA7 /* Assets.xcassets */,
				843A59302008691B0002EEA7 /* LaunchScreen.storyboard */,
				843A59332008691B0002EEA7 /* Info.plist */,
			);
			path = "Hustle-Mode";
			sourceTree = "<group>";
		};
		843A593B2008691C0002EEA7 /* Hustle-ModeTests */ = {
			isa = PBXGroup;
			children = (
				843A593C2008691C0002EEA7 /* Hustle_ModeTests.swift */,
				843A593E2008691C0002EEA7 /* Info.plist */,
			);
			path = "Hustle-ModeTests";
			sourceTree = "<group>";
		};
		843A59462008691C0002EEA7 /* Hustle-ModeUITests */ = {
			isa = PBXGroup;
			children = (
				843A59472008691C0002EEA7 /* Hustle_ModeUITests.swift */,
				843A59492008691C0002EEA7 /* Info.plist */,
			);
			path = "Hustle-ModeUITests";
			sourceTree = "<group>";
		};
/* End PBXGroup section */

/* Begin PBXNativeTarget section */
		843A59232008691B0002EEA7 /* Hustle-Mode */ = {
			isa = PBXNativeTarget;
			buildConfigurationList = 843A594C2008691C0002EEA7 /* Build configuration list for PBXNativeTarget "Hustle-Mode" */;
			buildPhases = (
				843A59202008691B0002EEA7 /* Sources */,
				843A59212008691B0002EEA7 /* Frameworks */,
				843A59222008691B0002EEA7 /* Resources */,
			);
			buildRules = (
			);
			dependencies = (
			);
			name = "Hustle-Mode";
			productName = "Hustle-Mode";
			productReference = 843A59242008691B0002EEA7 /* Hustle-Mode.app */;
			productType = "com.apple.product-type.application";
		};
		843A59372008691C0002EEA7 /* Hustle-ModeTests */ = {
			isa = PBXNativeTarget;
			buildConfigurationList = 843A594F2008691C0002EEA7 /* Build configuration list for PBXNativeTarget "Hustle-ModeTests" */;
			buildPhases = (
				843A59342008691C0002EEA7 /* Sources */,
				843A59352008691C0002EEA7 /* Frameworks */,
				843A59362008691C0002EEA7 /* Resources */,
			);
			buildRules = (
			);
			dependencies = (
				843A593A2008691C0002EEA7 /* PBXTargetDependency */,
			);
			name = "Hustle-ModeTests";
			productName = "Hustle-ModeTests";
			productReference = 843A59382008691C0002EEA7 /* Hustle-ModeTests.xctest */;
			productType = "com.apple.product-type.bundle.unit-test";
		};
		843A59422008691C0002EEA7 /* Hustle-ModeUITests */ = {
			isa = PBXNativeTarget;
			buildConfigurationList = 843A59522008691C0002EEA7 /* Build configuration list for PBXNativeTarget "Hustle-ModeUITests" */;
			buildPhases = (
				843A593F2008691C0002EEA7 /* Sources */,
				843A59402008691C0002EEA7 /* Frameworks */,
				843A59412008691C0002EEA7 /* Resources */,
			);
			buildRules = (
			);
			dependencies = (
				843A59452008691C0002EEA7 /* PBXTargetDependency */,
			);
			name = "Hustle-ModeUITests";
			productName = "Hustle-ModeUITests";
			productReference = 843A59432008691C0002EEA7 /* Hustle-ModeUITests.xctest */;
			productType = "com.apple.product-type.bundle.ui-testing";
		};
/* End PBXNativeTarget section */

/* Begin PBXProject section */
		843A591C2008691B0002EEA7 /* Project object */ = {
			isa = PBXProject;
			attributes = {
				LastSwiftUpdateCheck = 0920;
				LastUpgradeCheck = 0920;
				ORGANIZATIONNAME = "Brent Gruber";
				TargetAttributes = {
					843A59232008691B0002EEA7 = {
						CreatedOnToolsVersion = 9.2;
						ProvisioningStyle = Automatic;
					};
					843A59372008691C0002EEA7 = {
						CreatedOnToolsVersion = 9.2;
						ProvisioningStyle = Automatic;
						TestTargetID = 843A59232008691B0002EEA7;
					};
					843A59422008691C0002EEA7 = {
						CreatedOnToolsVersion = 9.2;
						ProvisioningStyle = Automatic;
						TestTargetID = 843A59232008691B0002EEA7;
					};
				};
			};
			buildConfigurationList = 843A591F2008691B0002EEA7 /* Build configuration list for PBXProject "Hustle-Mode" */;
			compatibilityVersion = "Xcode 8.0";
			developmentRegion = en;
			hasScannedForEncodings = 0;
			knownRegions = (
				en,
				Base,
			);
			mainGroup = 843A591B2008691B0002EEA7;
			productRefGroup = 843A59252008691B0002EEA7 /* Products */;
			projectDirPath = "";
			projectRoot = "";
			targets = (
				843A59232008691B0002EEA7 /* Hustle-Mode */,
				843A59372008691C0002EEA7 /* Hustle-ModeTests */,
				843A59422008691C0002EEA7 /* Hustle-ModeUITests */,
			);
		};
/* End PBXProject section */

/* Begin PBXResourcesBuildPhase section */
		843A59222008691B0002EEA7 /* Resources */ = {
			isa = PBXResourcesBuildPhase;
			buildActionMask = 2147483647;
			files = (
				843A5956200869F30002EEA7 /* hustle-on.wav in Resources */,
				843A59322008691B0002EEA7 /* LaunchScreen.storyboard in Resources */,
				843A592F2008691B0002EEA7 /* Assets.xcassets in Resources */,
				843A592D2008691B0002EEA7 /* Main.storyboard in Resources */,
			);
			runOnlyForDeploymentPostprocessing = 0;
		};
		843A59362008691C0002EEA7 /* Resources */ = {
			isa = PBXResourcesBuildPhase;
			buildActionMask = 2147483647;
			files = (
			);
			runOnlyForDeploymentPostprocessing = 0;
		};
		843A59412008691C0002EEA7 /* Resources */ = {
			isa = PBXResourcesBuildPhase;
			buildActionMask = 2147483647;
			files = (
			);
			runOnlyForDeploymentPostprocessing = 0;
		};
/* End PBXResourcesBuildPhase section */

/* Begin PBXSourcesBuildPhase section */
		843A59202008691B0002EEA7 /* Sources */ = {
			isa = PBXSourcesBuildPhase;
			buildActionMask = 2147483647;
			files = (
				843A592A2008691B0002EEA7 /* ViewController.swift in Sources */,
				843A59282008691B0002EEA7 /* AppDelegate.swift in Sources */,
			);
			runOnlyForDeploymentPostprocessing = 0;
		};
		843A59342008691C0002EEA7 /* Sources */ = {
			isa = PBXSourcesBuildPhase;
			buildActionMask = 2147483647;
			files = (
				843A593D2008691C0002EEA7 /* Hustle_ModeTests.swift in Sources */,
			);
			runOnlyForDeploymentPostprocessing = 0;
		};
		843A593F2008691C0002EEA7 /* Sources */ = {
			isa = PBXSourcesBuildPhase;
			buildActionMask = 2147483647;
			files = (
				843A59482008691C0002EEA7 /* Hustle_ModeUITests.swift in Sources */,
			);
			runOnlyForDeploymentPostprocessing = 0;
		};
/* End PBXSourcesBuildPhase section */

/* Begin PBXTargetDependency section */
		843A593A2008691C0002EEA7 /* PBXTargetDependency */ = {
			isa = PBXTargetDependency;
			target = 843A59232008691B0002EEA7 /* Hustle-Mode */;
			targetProxy = 843A59392008691C0002EEA7 /* PBXContainerItemProxy */;
		};
		843A59452008691C0002EEA7 /* PBXTargetDependency */ = {
			isa = PBXTargetDependency;
			target = 843A59232008691B0002EEA7 /* Hustle-Mode */;
			targetProxy = 843A59442008691C0002EEA7 /* PBXContainerItemProxy */;
		};
/* End PBXTargetDependency section */

/* Begin PBXVariantGroup section */
		843A592B2008691B0002EEA7 /* Main.storyboard */ = {
			isa = PBXVariantGroup;
			children = (
				843A592C2008691B0002EEA7 /* Base */,
			);
			name = Main.storyboard;
			sourceTree = "<group>";
		};
		843A59302008691B0002EEA7 /* LaunchScreen.storyboard */ = {
			isa = PBXVariantGroup;
			children = (
				843A59312008691B0002EEA7 /* Base */,
			);
			name = LaunchScreen.storyboard;
			sourceTree = "<group>";
		};
/* End PBXVariantGroup section */

/* Begin XCBuildConfiguration section */
		843A594A2008691C0002EEA7 /* Debug */ = {
			isa = XCBuildConfiguration;
			buildSettings = {
				ALWAYS_SEARCH_USER_PATHS = NO;
				CLANG_ANALYZER_NONNULL = YES;
				CLANG_ANALYZER_NUMBER_OBJECT_CONVERSION = YES_AGGRESSIVE;
				CLANG_CXX_LANGUAGE_STANDARD = "gnu++14";
				CLANG_CXX_LIBRARY = "libc++";
				CLANG_ENABLE_MODULES = YES;
				CLANG_ENABLE_OBJC_ARC = YES;
				CLANG_WARN_BLOCK_CAPTURE_AUTORELEASING = YES;
				CLANG_WARN_BOOL_CONVERSION = YES;
				CLANG_WARN_COMMA = YES;
				CLANG_WARN_CONSTANT_CONVERSION = YES;
				CLANG_WARN_DIRECT_OBJC_ISA_USAGE = YES_ERROR;
				CLANG_WARN_DOCUMENTATION_COMMENTS = YES;
				CLANG_WARN_EMPTY_BODY = YES;
				CLANG_WARN_ENUM_CONVERSION = YES;
				CLANG_WARN_INFINITE_RECURSION = YES;
				CLANG_WARN_INT_CONVERSION = YES;
				CLANG_WARN_NON_LITERAL_NULL_CONVERSION = YES;
				CLANG_WARN_OBJC_LITERAL_CONVERSION = YES;
				CLANG_WARN_OBJC_ROOT_CLASS = YES_ERROR;
				CLANG_WARN_RANGE_LOOP_ANALYSIS = YES;
				CLANG_WARN_STRICT_PROTOTYPES = YES;
				CLANG_WARN_SUSPICIOUS_MOVE = YES;
				CLANG_WARN_UNGUARDED_AVAILABILITY = YES_AGGRESSIVE;
				CLANG_WARN_UNREACHABLE_CODE = YES;
				CLANG_WARN__DUPLICATE_METHOD_MATCH = YES;
				CODE_SIGN_IDENTITY = "iPhone Developer";
				COPY_PHASE_STRIP = NO;
				DEBUG_INFORMATION_FORMAT = dwarf;
				ENABLE_STRICT_OBJC_MSGSEND = YES;
				ENABLE_TESTABILITY = YES;
				GCC_C_LANGUAGE_STANDARD = gnu11;
				GCC_DYNAMIC_NO_PIC = NO;
				GCC_NO_COMMON_BLOCKS = YES;
				GCC_OPTIMIZATION_LEVEL = 0;
				GCC_PREPROCESSOR_DEFINITIONS = (
					"DEBUG=1",
					"$(inherited)",
				);
				GCC_WARN_64_TO_32_BIT_CONVERSION = YES;
				GCC_WARN_ABOUT_RETURN_TYPE = YES_ERROR;
				GCC_WARN_UNDECLARED_SELECTOR = YES;
				GCC_WARN_UNINITIALIZED_AUTOS = YES_AGGRESSIVE;
				GCC_WARN_UNUSED_FUNCTION = YES;
				GCC_WARN_UNUSED_VARIABLE = YES;
				IPHONEOS_DEPLOYMENT_TARGET = 11.2;
				MTL_ENABLE_DEBUG_INFO = YES;
				ONLY_ACTIVE_ARCH = YES;
				SDKROOT = iphoneos;
				SWIFT_ACTIVE_COMPILATION_CONDITIONS = DEBUG;
				SWIFT_OPTIMIZATION_LEVEL = "-Onone";
			};
			name = Debug;
		};
		843A594B2008691C0002EEA7 /* Release */ = {
			isa = XCBuildConfiguration;
			buildSettings = {
				ALWAYS_SEARCH_USER_PATHS = NO;
				CLANG_ANALYZER_NONNULL = YES;
				CLANG_ANALYZER_NUMBER_OBJECT_CONVERSION = YES_AGGRESSIVE;
				CLANG_CXX_LANGUAGE_STANDARD = "gnu++14";
				CLANG_CXX_LIBRARY = "libc++";
				CLANG_ENABLE_MODULES = YES;
				CLANG_ENABLE_OBJC_ARC = YES;
				CLANG_WARN_BLOCK_CAPTURE_AUTORELEASING = YES;
				CLANG_WARN_BOOL_CONVERSION = YES;
				CLANG_WARN_COMMA = YES;
				CLANG_WARN_CONSTANT_CONVERSION = YES;
				CLANG_WARN_DIRECT_OBJC_ISA_USAGE = YES_ERROR;
				CLANG_WARN_DOCUMENTATION_COMMENTS = YES;
				CLANG_WARN_EMPTY_BODY = YES;
				CLANG_WARN_ENUM_CONVERSION = YES;
				CLANG_WARN_INFINITE_RECURSION = YES;
				CLANG_WARN_INT_CONVERSION = YES;
				CLANG_WARN_NON_LITERAL_NULL_CONVERSION = YES;
				CLANG_WARN_OBJC_LITERAL_CONVERSION = YES;
				CLANG_WARN_OBJC_ROOT_CLASS = YES_ERROR;
				CLANG_WARN_RANGE_LOOP_ANALYSIS = YES;
				CLANG_WARN_STRICT_PROTOTYPES = YES;
				CLANG_WARN_SUSPICIOUS_MOVE = YES;
				CLANG_WARN_UNGUARDED_AVAILABILITY = YES_AGGRESSIVE;
				CLANG_WARN_UNREACHABLE_CODE = YES;
				CLANG_WARN__DUPLICATE_METHOD_MATCH = YES;
				CODE_SIGN_IDENTITY = "iPhone Developer";
				COPY_PHASE_STRIP = NO;
				DEBUG_INFORMATION_FORMAT = "dwarf-with-dsym";
				ENABLE_NS_ASSERTIONS = NO;
				ENABLE_STRICT_OBJC_MSGSEND = YES;
				GCC_C_LANGUAGE_STANDARD = gnu11;
				GCC_NO_COMMON_BLOCKS = YES;
				GCC_WARN_64_TO_32_BIT_CONVERSION = YES;
				GCC_WARN_ABOUT_RETURN_TYPE = YES_ERROR;
				GCC_WARN_UNDECLARED_SELECTOR = YES;
				GCC_WARN_UNINITIALIZED_AUTOS = YES_AGGRESSIVE;
				GCC_WARN_UNUSED_FUNCTION = YES;
				GCC_WARN_UNUSED_VARIABLE = YES;
				IPHONEOS_DEPLOYMENT_TARGET = 11.2;
				MTL_ENABLE_DEBUG_INFO = NO;
				SDKROOT = iphoneos;
				SWIFT_OPTIMIZATION_LEVEL = "-Owholemodule";
				VALIDATE_PRODUCT = YES;
			};
			name = Release;
		};
		843A594D2008691C0002EEA7 /* Debug */ = {
			isa = XCBuildConfiguration;
			buildSettings = {
				ASSETCATALOG_COMPILER_APPICON_NAME = AppIcon;
				CODE_SIGN_STYLE = Automatic;
				INFOPLIST_FILE = "Hustle-Mode/Info.plist";
				LD_RUNPATH_SEARCH_PATHS = "$(inherited) @executable_path/Frameworks";
				PRODUCT_BUNDLE_IDENTIFIER = "Algorithmic-Designs.Hustle-Mode";
				PRODUCT_NAME = "$(TARGET_NAME)";
				SWIFT_VERSION = 4.0;
				TARGETED_DEVICE_FAMILY = "1,2";
			};
			name = Debug;
		};
		843A594E2008691C0002EEA7 /* Release */ = {
			isa = XCBuildConfiguration;
			buildSettings = {
				ASSETCATALOG_COMPILER_APPICON_NAME = AppIcon;
				CODE_SIGN_STYLE = Automatic;
				INFOPLIST_FILE = "Hustle-Mode/Info.plist";
				LD_RUNPATH_SEARCH_PATHS = "$(inherited) @executable_path/Frameworks";
				PRODUCT_BUNDLE_IDENTIFIER = "Algorithmic-Designs.Hustle-Mode";
				PRODUCT_NAME = "$(TARGET_NAME)";
				SWIFT_VERSION = 4.0;
				TARGETED_DEVICE_FAMILY = "1,2";
			};
			name = Release;
		};
		843A59502008691C0002EEA7 /* Debug */ = {
			isa = XCBuildConfiguration;
			buildSettings = {
				ALWAYS_EMBED_SWIFT_STANDARD_LIBRARIES = YES;
				BUNDLE_LOADER = "$(TEST_HOST)";
				CODE_SIGN_STYLE = Automatic;
				INFOPLIST_FILE = "Hustle-ModeTests/Info.plist";
				LD_RUNPATH_SEARCH_PATHS = "$(inherited) @executable_path/Frameworks @loader_path/Frameworks";
				PRODUCT_BUNDLE_IDENTIFIER = "Algorithmic-Designs.Hustle-ModeTests";
				PRODUCT_NAME = "$(TARGET_NAME)";
				SWIFT_VERSION = 4.0;
				TARGETED_DEVICE_FAMILY = "1,2";
				TEST_HOST = "$(BUILT_PRODUCTS_DIR)/Hustle-Mode.app/Hustle-Mode";
			};
			name = Debug;
		};
		843A59512008691C0002EEA7 /* Release */ = {
			isa = XCBuildConfiguration;
			buildSettings = {
				ALWAYS_EMBED_SWIFT_STANDARD_LIBRARIES = YES;
				BUNDLE_LOADER = "$(TEST_HOST)";
				CODE_SIGN_STYLE = Automatic;
				INFOPLIST_FILE = "Hustle-ModeTests/Info.plist";
				LD_RUNPATH_SEARCH_PATHS = "$(inherited) @executable_path/Frameworks @loader_path/Frameworks";
				PRODUCT_BUNDLE_IDENTIFIER = "Algorithmic-Designs.Hustle-ModeTests";
				PRODUCT_NAME = "$(TARGET_NAME)";
				SWIFT_VERSION = 4.0;
				TARGETED_DEVICE_FAMILY = "1,2";
				TEST_HOST = "$(BUILT_PRODUCTS_DIR)/Hustle-Mode.app/Hustle-Mode";
			};
			name = Release;
		};
		843A59532008691C0002EEA7 /* Debug */ = {
			isa = XCBuildConfiguration;
			buildSettings = {
				ALWAYS_EMBED_SWIFT_STANDARD_LIBRARIES = YES;
				CODE_SIGN_STYLE = Automatic;
				INFOPLIST_FILE = "Hustle-ModeUITests/Info.plist";
				LD_RUNPATH_SEARCH_PATHS = "$(inherited) @executable_path/Frameworks @loader_path/Frameworks";
				PRODUCT_BUNDLE_IDENTIFIER = "Algorithmic-Designs.Hustle-ModeUITests";
				PRODUCT_NAME = "$(TARGET_NAME)";
				SWIFT_VERSION = 4.0;
				TARGETED_DEVICE_FAMILY = "1,2";
				TEST_TARGET_NAME = "Hustle-Mode";
			};
			name = Debug;
		};
		843A59542008691C0002EEA7 /* Release */ = {
			isa = XCBuildConfiguration;
			buildSettings = {
				ALWAYS_EMBED_SWIFT_STANDARD_LIBRARIES = YES;
				CODE_SIGN_STYLE = Automatic;
				INFOPLIST_FILE = "Hustle-ModeUITests/Info.plist";
				LD_RUNPATH_SEARCH_PATHS = "$(inherited) @executable_path/Frameworks @loader_path/Frameworks";
				PRODUCT_BUNDLE_IDENTIFIER = "Algorithmic-Designs.Hustle-ModeUITests";
				PRODUCT_NAME = "$(TARGET_NAME)";
				SWIFT_VERSION = 4.0;
				TARGETED_DEVICE_FAMILY = "1,2";
				TEST_TARGET_NAME = "Hustle-Mode";
			};
			name = Release;
		};
/* End XCBuildConfiguration section */

/* Begin XCConfigurationList section */
		843A591F2008691B0002EEA7 /* Build configuration list for PBXProject "Hustle-Mode" */ = {
			isa = XCConfigurationList;
			buildConfigurations = (
				843A594A2008691C0002EEA7 /* Debug */,
				843A594B2008691C0002EEA7 /* Release */,
			);
			defaultConfigurationIsVisible = 0;
			defaultConfigurationName = Release;
		};
		843A594C2008691C0002EEA7 /* Build configuration list for PBXNativeTarget "Hustle-Mode" */ = {
			isa = XCConfigurationList;
			buildConfigurations = (
				843A594D2008691C0002EEA7 /* Debug */,
				843A594E2008691C0002EEA7 /* Release */,
			);
			defaultConfigurationIsVisible = 0;
			defaultConfigurationName = Release;
		};
		843A594F2008691C0002EEA7 /* Build configuration list for PBXNativeTarget "Hustle-ModeTests" */ = {
			isa = XCConfigurationList;
			buildConfigurations = (
				843A59502008691C0002EEA7 /* Debug */,
				843A59512008691C0002EEA7 /* Release */,
			);
			defaultConfigurationIsVisible = 0;
			defaultConfigurationName = Release;
		};
		843A59522008691C0002EEA7 /* Build configuration list for PBXNativeTarget "Hustle-ModeUITests" */ = {
			isa = XCConfigurationList;
			buildConfigurations = (
				843A59532008691C0002EEA7 /* Debug */,
				843A59542008691C0002EEA7 /* Release */,
			);
			defaultConfigurationIsVisible = 0;
			defaultConfigurationName = Release;
		};
/* End XCConfigurationList section */
	};
	rootObject = 843A591C2008691B0002EEA7 /* Project object */;
}
